
Microsoft Visual Studio Solution File, Format Version 12.00
# Visual Studio Version 16
VisualStudioVersion = 16.0.30804.86
MinimumVisualStudioVersion = 10.0.40219.1
Project("{FAE04EC0-301F-11D3-BF4B-00C04F79EFBC}") = "TournamentTracker", "TournamentTracker\TournamentTracker.csproj", "{A58A6D4D-D712-4DD7-B400-74AC80E4015D}"
EndProject
Global
	GlobalSection(SolutionConfigurationPlatforms) = preSolution
		Debug|Any CPU = Debug|Any CPU
		Release|Any CPU = Release|Any CPU
	EndGlobalSection
	GlobalSection(ProjectConfigurationPlatforms) = postSolution
		{A58A6D4D-D712-4DD7-B400-74AC80E4015D}.Debug|Any CPU.ActiveCfg = Debug|Any CPU
		{A58A6D4D-D712-4DD7-B400-74AC80E4015D}.Debug|Any CPU.Build.0 = Debug|Any CPU
		{A58A6D4D-D712-4DD7-B400-74AC80E4015D}.Release|Any CPU.ActiveCfg = Release|Any CPU
		{A58A6D4D-D712-4DD7-B400-74AC80E4015D}.Release|Any CPU.Build.0 = Release|Any CPU
	EndGlobalSection
	GlobalSection(SolutionProperties) = preSolution
		HideSolutionNode = FALSE
	EndGlobalSection
	GlobalSection(ExtensibilityGlobals) = postSolution
		SolutionGuid = {1E0AFC83-132E-49BC-B1B3-FE471C51255C}
	EndGlobalSection
EndGlobal
